
Microsoft Visual Studio Solution File, Format Version 12.00
# Visual Studio Version 16
VisualStudioVersion = 16.0.32126.315
MinimumVisualStudioVersion = 10.0.40219.1
Project("{FAE04EC0-301F-11D3-BF4B-00C04F79EFBC}") = "MiddleWarePractice", "MiddleWarePractice\MiddleWarePractice.csproj", "{AAD2093E-2608-4E2F-B8EB-43549B47FC7D}"
EndProject
Global
	GlobalSection(SolutionConfigurationPlatforms) = preSolution
		Debug|Any CPU = Debug|Any CPU
		Release|Any CPU = Release|Any CPU
	EndGlobalSection
	GlobalSection(ProjectConfigurationPlatforms) = postSolution
		{AAD2093E-2608-4E2F-B8EB-43549B47FC7D}.Debug|Any CPU.ActiveCfg = Debug|Any CPU
		{AAD2093E-2608-4E2F-B8EB-43549B47FC7D}.Debug|Any CPU.Build.0 = Debug|Any CPU
		{AAD2093E-2608-4E2F-B8EB-43549B47FC7D}.Release|Any CPU.ActiveCfg = Release|Any CPU
		{AAD2093E-2608-4E2F-B8EB-43549B47FC7D}.Release|Any CPU.Build.0 = Release|Any CPU
	EndGlobalSection
	GlobalSection(SolutionProperties) = preSolution
		HideSolutionNode = FALSE
	EndGlobalSection
	GlobalSection(ExtensibilityGlobals) = postSolution
		SolutionGuid = {6F5BB38D-DB63-4156-88A9-184FE8BACBFD}
	EndGlobalSection
EndGlobal
